
Microsoft Visual Studio Solution File, Format Version 12.00
# Visual Studio Version 17
VisualStudioVersion = 17.8.34408.163
MinimumVisualStudioVersion = 10.0.40219.1
Project("{9A19103F-16F7-4668-BE54-9A1E7A4F7556}") = "P2PAuction", "P2PAuction.csproj", "{ECB4DF10-058E-4323-A20E-B22C9CCD0E06}"
EndProject
Global
	GlobalSection(SolutionConfigurationPlatforms) = preSolution
		Debug|Any CPU = Debug|Any CPU
		Release|Any CPU = Release|Any CPU
	EndGlobalSection
	GlobalSection(ProjectConfigurationPlatforms) = postSolution
		{ECB4DF10-058E-4323-A20E-B22C9CCD0E06}.Debug|Any CPU.ActiveCfg = Debug|Any CPU
		{ECB4DF10-058E-4323-A20E-B22C9CCD0E06}.Debug|Any CPU.Build.0 = Debug|Any CPU
		{ECB4DF10-058E-4323-A20E-B22C9CCD0E06}.Release|Any CPU.ActiveCfg = Release|Any CPU
		{ECB4DF10-058E-4323-A20E-B22C9CCD0E06}.Release|Any CPU.Build.0 = Release|Any CPU
	EndGlobalSection
	GlobalSection(SolutionProperties) = preSolution
		HideSolutionNode = FALSE
	EndGlobalSection
	GlobalSection(ExtensibilityGlobals) = postSolution
		SolutionGuid = {8C2DC305-D637-402F-B2A8-0503089B8B2B}
	EndGlobalSection
EndGlobal
